
Microsoft Visual Studio Solution File, Format Version 12.00
# Visual Studio 15
VisualStudioVersion = 15.0.27004.2008
MinimumVisualStudioVersion = 10.0.40219.1
Project("{FAE04EC0-301F-11D3-BF4B-00C04F79EFBC}") = "StudentsApp", "StudentsApp\StudentsApp.csproj", "{449B1A61-373C-457F-9DB3-5634E09A6240}"
EndProject
Global
	GlobalSection(SolutionConfigurationPlatforms) = preSolution
		Debug|Any CPU = Debug|Any CPU
		Release|Any CPU = Release|Any CPU
	EndGlobalSection
	GlobalSection(ProjectConfigurationPlatforms) = postSolution
		{449B1A61-373C-457F-9DB3-5634E09A6240}.Debug|Any CPU.ActiveCfg = Debug|Any CPU
		{449B1A61-373C-457F-9DB3-5634E09A6240}.Debug|Any CPU.Build.0 = Debug|Any CPU
		{449B1A61-373C-457F-9DB3-5634E09A6240}.Release|Any CPU.ActiveCfg = Release|Any CPU
		{449B1A61-373C-457F-9DB3-5634E09A6240}.Release|Any CPU.Build.0 = Release|Any CPU
	EndGlobalSection
	GlobalSection(SolutionProperties) = preSolution
		HideSolutionNode = FALSE
	EndGlobalSection
	GlobalSection(ExtensibilityGlobals) = postSolution
		SolutionGuid = {D925E483-FE8E-4F86-956D-63C6A0FB3304}
	EndGlobalSection
EndGlobal
